
Microsoft Visual Studio Solution File, Format Version 12.00
# Visual Studio Version 16
VisualStudioVersion = 16.0.29609.76
MinimumVisualStudioVersion = 10.0.40219.1
Project("{FAE04EC0-301F-11D3-BF4B-00C04F79EFBC}") = "Fall Project 2.0", "Fall Project 2.0.csproj", "{D084BC99-5582-49CA-A302-6BC5A310D4C9}"
EndProject
Global
	GlobalSection(SolutionConfigurationPlatforms) = preSolution
		Debug|Any CPU = Debug|Any CPU
		Release|Any CPU = Release|Any CPU
	EndGlobalSection
	GlobalSection(ProjectConfigurationPlatforms) = postSolution
		{D084BC99-5582-49CA-A302-6BC5A310D4C9}.Debug|Any CPU.ActiveCfg = Debug|Any CPU
		{D084BC99-5582-49CA-A302-6BC5A310D4C9}.Debug|Any CPU.Build.0 = Debug|Any CPU
		{D084BC99-5582-49CA-A302-6BC5A310D4C9}.Release|Any CPU.ActiveCfg = Release|Any CPU
		{D084BC99-5582-49CA-A302-6BC5A310D4C9}.Release|Any CPU.Build.0 = Release|Any CPU
	EndGlobalSection
	GlobalSection(SolutionProperties) = preSolution
		HideSolutionNode = FALSE
	EndGlobalSection
	GlobalSection(ExtensibilityGlobals) = postSolution
		SolutionGuid = {CB342F3F-CDF0-48D3-B009-7977E3BC09A3}
	EndGlobalSection
EndGlobal
